
Microsoft Visual Studio Solution File, Format Version 12.00
# Visual Studio Version 17
VisualStudioVersion = 17.9.34728.123
MinimumVisualStudioVersion = 10.0.40219.1
Project("{FAE04EC0-301F-11D3-BF4B-00C04F79EFBC}") = "Wordle", "Wordle\Wordle.csproj", "{8F990543-F180-406B-8305-856CDAF0FFD6}"
EndProject
Global
	GlobalSection(SolutionConfigurationPlatforms) = preSolution
		Debug|Any CPU = Debug|Any CPU
		Release|Any CPU = Release|Any CPU
	EndGlobalSection
	GlobalSection(ProjectConfigurationPlatforms) = postSolution
		{8F990543-F180-406B-8305-856CDAF0FFD6}.Debug|Any CPU.ActiveCfg = Debug|Any CPU
		{8F990543-F180-406B-8305-856CDAF0FFD6}.Debug|Any CPU.Build.0 = Debug|Any CPU
		{8F990543-F180-406B-8305-856CDAF0FFD6}.Release|Any CPU.ActiveCfg = Release|Any CPU
		{8F990543-F180-406B-8305-856CDAF0FFD6}.Release|Any CPU.Build.0 = Release|Any CPU
	EndGlobalSection
	GlobalSection(SolutionProperties) = preSolution
		HideSolutionNode = FALSE
	EndGlobalSection
	GlobalSection(ExtensibilityGlobals) = postSolution
		SolutionGuid = {DCF1C286-9E92-4F94-8007-925BCF0AF153}
	EndGlobalSection
EndGlobal
